{
  "name": "kasa",
  "lockfileVersion": 2,
  "requires": true,
  "packages": {
    "": {
      "dependencies": {
        "@ngrx/store": "^13.0.1",
        "class-transformer": "^0.5.1"
      }
    },
    "node_modules/@ngrx/store": {
      "version": "13.0.1",
      "resolved": "https://registry.npmjs.org/@ngrx/store/-/store-13.0.1.tgz",
      "integrity": "sha512-YCArklbrZNeFN9I2Ibvl+M8sgepwY36n1aGzyEL6R4iK6VWaqpJAwOIlQ+41qyztelallyzz5waQmCLa+OQ38w==",
      "license": "MIT",
      "dependencies": {
        "tslib": "^2.0.0"
      },
      "peerDependencies": {
        "@angular/core": "^13.0.0",
        "rxjs": "^6.5.3 || ^7.4.0"
      }
    },
    "node_modules/class-transformer": {
      "version": "0.5.1",
      "resolved": "https://registry.npmjs.org/class-transformer/-/class-transformer-0.5.1.tgz",
      "integrity": "sha512-SQa1Ws6hUbfC98vKGxZH3KFY0Y1lm5Zm0SY8XX9zbK7FJCyVEac3ATW0RIpwzW+oOfmHE5PMPufDG9hCfoEOMw==",
      "license": "MIT"
    },
    "node_modules/tslib": {
      "version": "2.3.1",
      "resolved": "https://registry.npmjs.org/tslib/-/tslib-2.3.1.tgz",
      "integrity": "sha512-77EbyPPpMz+FRFRuAFlWMtmgUWGe9UOG2Z25NqCwiIjRhOf5iKGuzSe5P2w1laq+FkRy4p+PCuVkJSGkzTEKVw==",
      "license": "0BSD"
    }
  },
  "dependencies": {
    "@ngrx/store": {
      "version": "13.0.1",
      "resolved": "https://registry.npmjs.org/@ngrx/store/-/store-13.0.1.tgz",
      "integrity": "sha512-YCArklbrZNeFN9I2Ibvl+M8sgepwY36n1aGzyEL6R4iK6VWaqpJAwOIlQ+41qyztelallyzz5waQmCLa+OQ38w==",
      "requires": {
        "tslib": "^2.0.0"
      }
    },
    "class-transformer": {
      "version": "0.5.1",
      "resolved": "https://registry.npmjs.org/class-transformer/-/class-transformer-0.5.1.tgz",
      "integrity": "sha512-SQa1Ws6hUbfC98vKGxZH3KFY0Y1lm5Zm0SY8XX9zbK7FJCyVEac3ATW0RIpwzW+oOfmHE5PMPufDG9hCfoEOMw=="
    },
    "tslib": {
      "version": "2.3.1",
      "resolved": "https://registry.npmjs.org/tslib/-/tslib-2.3.1.tgz",
      "integrity": "sha512-77EbyPPpMz+FRFRuAFlWMtmgUWGe9UOG2Z25NqCwiIjRhOf5iKGuzSe5P2w1laq+FkRy4p+PCuVkJSGkzTEKVw=="
    }
  }
}
