# THIS IS AN AUTOGENERATED FILE. DO NOT EDIT THIS FILE DIRECTLY.
# yarn lockfile v1


"@ngrx/store@^13.0.1":
  "integrity" "sha512-YCArklbrZNeFN9I2Ibvl+M8sgepwY36n1aGzyEL6R4iK6VWaqpJAwOIlQ+41qyztelallyzz5waQmCLa+OQ38w=="
  "resolved" "https://registry.npmjs.org/@ngrx/store/-/store-13.0.1.tgz"
  "version" "13.0.1"
  dependencies:
    "tslib" "^2.0.0"

"class-transformer@^0.5.1":
  "integrity" "sha512-SQa1Ws6hUbfC98vKGxZH3KFY0Y1lm5Zm0SY8XX9zbK7FJCyVEac3ATW0RIpwzW+oOfmHE5PMPufDG9hCfoEOMw=="
  "resolved" "https://registry.npmjs.org/class-transformer/-/class-transformer-0.5.1.tgz"
  "version" "0.5.1"

"tslib@^2.0.0":
  "integrity" "sha512-77EbyPPpMz+FRFRuAFlWMtmgUWGe9UOG2Z25NqCwiIjRhOf5iKGuzSe5P2w1laq+FkRy4p+PCuVkJSGkzTEKVw=="
  "resolved" "https://registry.npmjs.org/tslib/-/tslib-2.3.1.tgz"
  "version" "2.3.1"
